
Microsoft Visual Studio Solution File, Format Version 12.00
# Visual Studio 15
VisualStudioVersion = 15.0.28307.539
MinimumVisualStudioVersion = 10.0.40219.1
Project("{9A19103F-16F7-4668-BE54-9A1E7A4F7556}") = "Library", "Library\Library.csproj", "{5EB4CC83-3B3B-45F9-8F3E-D84905F227C0}"
EndProject
Project("{FAE04EC0-301F-11D3-BF4B-00C04F79EFBC}") = "LibraryData", "LibraryData\LibraryData.csproj", "{F0BDB194-F2AA-45B9-951B-1E3A95058453}"
EndProject
Project("{FAE04EC0-301F-11D3-BF4B-00C04F79EFBC}") = "LibraryServices", "LibraryServices\LibraryServices.csproj", "{680879D2-C49B-448B-A5AD-B0E568E98048}"
EndProject
Global
	GlobalSection(SolutionConfigurationPlatforms) = preSolution
		Debug|Any CPU = Debug|Any CPU
		Release|Any CPU = Release|Any CPU
	EndGlobalSection
	GlobalSection(ProjectConfigurationPlatforms) = postSolution
		{5EB4CC83-3B3B-45F9-8F3E-D84905F227C0}.Debug|Any CPU.ActiveCfg = Debug|Any CPU
		{5EB4CC83-3B3B-45F9-8F3E-D84905F227C0}.Debug|Any CPU.Build.0 = Debug|Any CPU
		{5EB4CC83-3B3B-45F9-8F3E-D84905F227C0}.Release|Any CPU.ActiveCfg = Release|Any CPU
		{5EB4CC83-3B3B-45F9-8F3E-D84905F227C0}.Release|Any CPU.Build.0 = Release|Any CPU
		{F0BDB194-F2AA-45B9-951B-1E3A95058453}.Debug|Any CPU.ActiveCfg = Debug|Any CPU
		{F0BDB194-F2AA-45B9-951B-1E3A95058453}.Debug|Any CPU.Build.0 = Debug|Any CPU
		{F0BDB194-F2AA-45B9-951B-1E3A95058453}.Release|Any CPU.ActiveCfg = Release|Any CPU
		{F0BDB194-F2AA-45B9-951B-1E3A95058453}.Release|Any CPU.Build.0 = Release|Any CPU
		{680879D2-C49B-448B-A5AD-B0E568E98048}.Debug|Any CPU.ActiveCfg = Debug|Any CPU
		{680879D2-C49B-448B-A5AD-B0E568E98048}.Debug|Any CPU.Build.0 = Debug|Any CPU
		{680879D2-C49B-448B-A5AD-B0E568E98048}.Release|Any CPU.ActiveCfg = Release|Any CPU
		{680879D2-C49B-448B-A5AD-B0E568E98048}.Release|Any CPU.Build.0 = Release|Any CPU
	EndGlobalSection
	GlobalSection(SolutionProperties) = preSolution
		HideSolutionNode = FALSE
	EndGlobalSection
	GlobalSection(ExtensibilityGlobals) = postSolution
		SolutionGuid = {38FFF6CC-9D24-4C85-BC03-65413C22C91A}
	EndGlobalSection
EndGlobal
